
Microsoft Visual Studio Solution File, Format Version 12.00
# Visual Studio 14
VisualStudioVersion = 14.0.25420.1
MinimumVisualStudioVersion = 10.0.40219.1
Project("{FAE04EC0-301F-11D3-BF4B-00C04F79EFBC}") = "BinarySearch", "BinarySearch\BinarySearch.csproj", "{2655E964-8095-4586-85C1-8F54CD3F5D24}"
EndProject
Project("{FAE04EC0-301F-11D3-BF4B-00C04F79EFBC}") = "KaratsubaMultiplication", "KaratsubaMultiplication\KaratsubaMultiplication.csproj", "{838CFC08-BA8D-4726-A86A-5649AC60E7A0}"
EndProject
Project("{FAE04EC0-301F-11D3-BF4B-00C04F79EFBC}") = "MergeSort", "MergeSort\MergeSort.csproj", "{B628EFB9-BEA9-45B7-9648-9F6E47AC4352}"
EndProject
Project("{FAE04EC0-301F-11D3-BF4B-00C04F79EFBC}") = "CountInversions", "CountInversions\CountInversions.csproj", "{A4A358EB-E90B-41A3-81CF-86B7371C959F}"
EndProject
Project("{FAE04EC0-301F-11D3-BF4B-00C04F79EFBC}") = "QuickSort", "QuickSort\QuickSort.csproj", "{F8C140F5-1284-46A8-BA89-362F5E0C5B45}"
EndProject
Project("{FAE04EC0-301F-11D3-BF4B-00C04F79EFBC}") = "Common", "Common\Common.csproj", "{EB4CC379-DFD7-4D4F-AE94-13B65BD3A2FB}"
EndProject
Project("{FAE04EC0-301F-11D3-BF4B-00C04F79EFBC}") = "QsortTests", "QsortTests\QsortTests.csproj", "{A9E1372F-501D-4518-8FBF-D5C76C4484F0}"
EndProject
Project("{FAE04EC0-301F-11D3-BF4B-00C04F79EFBC}") = "KargerContractionMincut", "KargerContractionMincut\KargerContractionMincut.csproj", "{853743B1-8B42-44B0-9CAE-CF7EF77FEB9A}"
EndProject
Project("{FAE04EC0-301F-11D3-BF4B-00C04F79EFBC}") = "SCC", "SCC\SCC.csproj", "{89644363-1C5F-42B0-8C99-FC81E5DEC982}"
EndProject
Project("{FAE04EC0-301F-11D3-BF4B-00C04F79EFBC}") = "SccIdeas", "SccIdeas\SccIdeas.csproj", "{DB44C9F1-7CCD-44ED-91B2-C55EA4669305}"
EndProject
Global
	GlobalSection(SolutionConfigurationPlatforms) = preSolution
		Debug|Any CPU = Debug|Any CPU
		Release|Any CPU = Release|Any CPU
	EndGlobalSection
	GlobalSection(ProjectConfigurationPlatforms) = postSolution
		{2655E964-8095-4586-85C1-8F54CD3F5D24}.Debug|Any CPU.ActiveCfg = Debug|Any CPU
		{2655E964-8095-4586-85C1-8F54CD3F5D24}.Debug|Any CPU.Build.0 = Debug|Any CPU
		{2655E964-8095-4586-85C1-8F54CD3F5D24}.Release|Any CPU.ActiveCfg = Release|Any CPU
		{2655E964-8095-4586-85C1-8F54CD3F5D24}.Release|Any CPU.Build.0 = Release|Any CPU
		{838CFC08-BA8D-4726-A86A-5649AC60E7A0}.Debug|Any CPU.ActiveCfg = Debug|Any CPU
		{838CFC08-BA8D-4726-A86A-5649AC60E7A0}.Debug|Any CPU.Build.0 = Debug|Any CPU
		{838CFC08-BA8D-4726-A86A-5649AC60E7A0}.Release|Any CPU.ActiveCfg = Release|Any CPU
		{838CFC08-BA8D-4726-A86A-5649AC60E7A0}.Release|Any CPU.Build.0 = Release|Any CPU
		{B628EFB9-BEA9-45B7-9648-9F6E47AC4352}.Debug|Any CPU.ActiveCfg = Debug|Any CPU
		{B628EFB9-BEA9-45B7-9648-9F6E47AC4352}.Debug|Any CPU.Build.0 = Debug|Any CPU
		{B628EFB9-BEA9-45B7-9648-9F6E47AC4352}.Release|Any CPU.ActiveCfg = Release|Any CPU
		{B628EFB9-BEA9-45B7-9648-9F6E47AC4352}.Release|Any CPU.Build.0 = Release|Any CPU
		{A4A358EB-E90B-41A3-81CF-86B7371C959F}.Debug|Any CPU.ActiveCfg = Debug|Any CPU
		{A4A358EB-E90B-41A3-81CF-86B7371C959F}.Debug|Any CPU.Build.0 = Debug|Any CPU
		{A4A358EB-E90B-41A3-81CF-86B7371C959F}.Release|Any CPU.ActiveCfg = Release|Any CPU
		{A4A358EB-E90B-41A3-81CF-86B7371C959F}.Release|Any CPU.Build.0 = Release|Any CPU
		{F8C140F5-1284-46A8-BA89-362F5E0C5B45}.Debug|Any CPU.ActiveCfg = Debug|Any CPU
		{F8C140F5-1284-46A8-BA89-362F5E0C5B45}.Debug|Any CPU.Build.0 = Debug|Any CPU
		{F8C140F5-1284-46A8-BA89-362F5E0C5B45}.Release|Any CPU.ActiveCfg = Release|Any CPU
		{F8C140F5-1284-46A8-BA89-362F5E0C5B45}.Release|Any CPU.Build.0 = Release|Any CPU
		{EB4CC379-DFD7-4D4F-AE94-13B65BD3A2FB}.Debug|Any CPU.ActiveCfg = Debug|Any CPU
		{EB4CC379-DFD7-4D4F-AE94-13B65BD3A2FB}.Debug|Any CPU.Build.0 = Debug|Any CPU
		{EB4CC379-DFD7-4D4F-AE94-13B65BD3A2FB}.Release|Any CPU.ActiveCfg = Release|Any CPU
		{EB4CC379-DFD7-4D4F-AE94-13B65BD3A2FB}.Release|Any CPU.Build.0 = Release|Any CPU
		{A9E1372F-501D-4518-8FBF-D5C76C4484F0}.Debug|Any CPU.ActiveCfg = Debug|Any CPU
		{A9E1372F-501D-4518-8FBF-D5C76C4484F0}.Debug|Any CPU.Build.0 = Debug|Any CPU
		{A9E1372F-501D-4518-8FBF-D5C76C4484F0}.Release|Any CPU.ActiveCfg = Release|Any CPU
		{A9E1372F-501D-4518-8FBF-D5C76C4484F0}.Release|Any CPU.Build.0 = Release|Any CPU
		{853743B1-8B42-44B0-9CAE-CF7EF77FEB9A}.Debug|Any CPU.ActiveCfg = Debug|Any CPU
		{853743B1-8B42-44B0-9CAE-CF7EF77FEB9A}.Debug|Any CPU.Build.0 = Debug|Any CPU
		{853743B1-8B42-44B0-9CAE-CF7EF77FEB9A}.Release|Any CPU.ActiveCfg = Release|Any CPU
		{853743B1-8B42-44B0-9CAE-CF7EF77FEB9A}.Release|Any CPU.Build.0 = Release|Any CPU
		{89644363-1C5F-42B0-8C99-FC81E5DEC982}.Debug|Any CPU.ActiveCfg = Debug|Any CPU
		{89644363-1C5F-42B0-8C99-FC81E5DEC982}.Debug|Any CPU.Build.0 = Debug|Any CPU
		{89644363-1C5F-42B0-8C99-FC81E5DEC982}.Release|Any CPU.ActiveCfg = Release|Any CPU
		{89644363-1C5F-42B0-8C99-FC81E5DEC982}.Release|Any CPU.Build.0 = Release|Any CPU
		{DB44C9F1-7CCD-44ED-91B2-C55EA4669305}.Debug|Any CPU.ActiveCfg = Debug|Any CPU
		{DB44C9F1-7CCD-44ED-91B2-C55EA4669305}.Debug|Any CPU.Build.0 = Debug|Any CPU
		{DB44C9F1-7CCD-44ED-91B2-C55EA4669305}.Release|Any CPU.ActiveCfg = Release|Any CPU
		{DB44C9F1-7CCD-44ED-91B2-C55EA4669305}.Release|Any CPU.Build.0 = Release|Any CPU
	EndGlobalSection
	GlobalSection(SolutionProperties) = preSolution
		HideSolutionNode = FALSE
	EndGlobalSection
EndGlobal
